
Microsoft Visual Studio Solution File, Format Version 12.00
# Visual Studio Version 16
VisualStudioVersion = 25.0.1704.3
MinimumVisualStudioVersion = 10.0.40219.1
Project("{FAE04EC0-301F-11D3-BF4B-00C04F79EFBC}") = "NewTicketWebApp", "NewTicketWebApp\NewTicketWebApp.csproj", "{740CD671-B6C6-4817-A914-77D6A73E1C46}"
EndProject
Global
	GlobalSection(SolutionConfigurationPlatforms) = preSolution
		Debug|Any CPU = Debug|Any CPU
		Release|Any CPU = Release|Any CPU
	EndGlobalSection
	GlobalSection(ProjectConfigurationPlatforms) = postSolution
		{740CD671-B6C6-4817-A914-77D6A73E1C46}.Debug|Any CPU.ActiveCfg = Debug|Any CPU
		{740CD671-B6C6-4817-A914-77D6A73E1C46}.Debug|Any CPU.Build.0 = Debug|Any CPU
		{740CD671-B6C6-4817-A914-77D6A73E1C46}.Release|Any CPU.ActiveCfg = Release|Any CPU
		{740CD671-B6C6-4817-A914-77D6A73E1C46}.Release|Any CPU.Build.0 = Release|Any CPU
	EndGlobalSection
	GlobalSection(SolutionProperties) = preSolution
		HideSolutionNode = FALSE
	EndGlobalSection
	GlobalSection(ExtensibilityGlobals) = postSolution
		SolutionGuid = {9956445F-236C-428A-A3D0-F996B8EF7850}
	EndGlobalSection
EndGlobal
